
Microsoft Visual Studio Solution File, Format Version 12.00
# Visual Studio Version 17
VisualStudioVersion = 17.2.32630.192
MinimumVisualStudioVersion = 10.0.40219.1
Project("{FAE04EC0-301F-11D3-BF4B-00C04F79EFBC}") = "FinacasConsole", "FinacasConsole\FinacasConsole.csproj", "{DCDDBF61-8586-4DD9-B4C6-6B1C143E376C}"
EndProject
Project("{FAE04EC0-301F-11D3-BF4B-00C04F79EFBC}") = "BLinvestimentos", "BLinvestimentos\BLinvestimentos.csproj", "{310349D0-84BA-43B5-8EDA-106E572B1D28}"
EndProject
Project("{FAE04EC0-301F-11D3-BF4B-00C04F79EFBC}") = "TestFinancas", "TestFinancas\TestFinancas.csproj", "{C51A2C1D-1164-4B5B-A3CC-2744636B1AA8}"
EndProject
Global
	GlobalSection(SolutionConfigurationPlatforms) = preSolution
		Debug|Any CPU = Debug|Any CPU
		Release|Any CPU = Release|Any CPU
	EndGlobalSection
	GlobalSection(ProjectConfigurationPlatforms) = postSolution
		{DCDDBF61-8586-4DD9-B4C6-6B1C143E376C}.Debug|Any CPU.ActiveCfg = Debug|Any CPU
		{DCDDBF61-8586-4DD9-B4C6-6B1C143E376C}.Debug|Any CPU.Build.0 = Debug|Any CPU
		{DCDDBF61-8586-4DD9-B4C6-6B1C143E376C}.Release|Any CPU.ActiveCfg = Release|Any CPU
		{DCDDBF61-8586-4DD9-B4C6-6B1C143E376C}.Release|Any CPU.Build.0 = Release|Any CPU
		{310349D0-84BA-43B5-8EDA-106E572B1D28}.Debug|Any CPU.ActiveCfg = Debug|Any CPU
		{310349D0-84BA-43B5-8EDA-106E572B1D28}.Debug|Any CPU.Build.0 = Debug|Any CPU
		{310349D0-84BA-43B5-8EDA-106E572B1D28}.Release|Any CPU.ActiveCfg = Release|Any CPU
		{310349D0-84BA-43B5-8EDA-106E572B1D28}.Release|Any CPU.Build.0 = Release|Any CPU
		{C51A2C1D-1164-4B5B-A3CC-2744636B1AA8}.Debug|Any CPU.ActiveCfg = Debug|Any CPU
		{C51A2C1D-1164-4B5B-A3CC-2744636B1AA8}.Debug|Any CPU.Build.0 = Debug|Any CPU
		{C51A2C1D-1164-4B5B-A3CC-2744636B1AA8}.Release|Any CPU.ActiveCfg = Release|Any CPU
		{C51A2C1D-1164-4B5B-A3CC-2744636B1AA8}.Release|Any CPU.Build.0 = Release|Any CPU
	EndGlobalSection
	GlobalSection(SolutionProperties) = preSolution
		HideSolutionNode = FALSE
	EndGlobalSection
	GlobalSection(ExtensibilityGlobals) = postSolution
		SolutionGuid = {5932BD7A-7DA1-4813-BEC8-58D272FAC1E2}
	EndGlobalSection
EndGlobal
